
Microsoft Visual Studio Solution File, Format Version 12.00
# Visual Studio 14
VisualStudioVersion = 14.0.24720.0
MinimumVisualStudioVersion = 10.0.40219.1
Project("{FAE04EC0-301F-11D3-BF4B-00C04F79EFBC}") = "Generics", "Generics\Generics.csproj", "{A01A3365-B732-404F-B6F5-69188DC5AB5A}"
EndProject
Project("{FAE04EC0-301F-11D3-BF4B-00C04F79EFBC}") = "Delegates", "Delegates\Delegates.csproj", "{BE3B7B7F-A866-411B-BBAB-A1E6DC4DD1D1}"
EndProject
Project("{FAE04EC0-301F-11D3-BF4B-00C04F79EFBC}") = "LambdaExpressions", "LambdaExpressions\LambdaExpressions.csproj", "{F93C03A1-C305-45A8-9EBC-73229A8853ED}"
EndProject
Project("{FAE04EC0-301F-11D3-BF4B-00C04F79EFBC}") = "Events", "Events\Events.csproj", "{FC8CBA3B-243C-4757-88E9-1F24AD8074EB}"
EndProject
Project("{FAE04EC0-301F-11D3-BF4B-00C04F79EFBC}") = "ExtensionMethods", "ExtensionMethods\ExtensionMethods.csproj", "{02C848C4-61C7-4B70-BEDE-DCBE04DBB749}"
EndProject
Project("{FAE04EC0-301F-11D3-BF4B-00C04F79EFBC}") = "NullableTypes", "NullableTypes\NullableTypes.csproj", "{8323DD3C-6DB2-417B-A210-A6D2D215DCD8}"
EndProject
Project("{FAE04EC0-301F-11D3-BF4B-00C04F79EFBC}") = "Dynamic", "Dynamic\Dynamic.csproj", "{E84E228F-0887-4696-B8B8-5F2DAC855249}"
EndProject
Project("{FAE04EC0-301F-11D3-BF4B-00C04F79EFBC}") = "ExceptionHandling", "ExceptionHandling\ExceptionHandling.csproj", "{F313FD85-EB74-4FFC-9BD0-10E7F9CC2AD6}"
EndProject
Project("{FAE04EC0-301F-11D3-BF4B-00C04F79EFBC}") = "ASyncProgramming", "ASyncProgramming\ASyncProgramming.csproj", "{38001627-4396-4B73-8655-2EDBDBA6432F}"
EndProject
Project("{FAE04EC0-301F-11D3-BF4B-00C04F79EFBC}") = "DelegateTest", "DelegateTest\DelegateTest.csproj", "{0786C182-6289-4709-B670-B41B3C0DAA8F}"
EndProject
Project("{FAE04EC0-301F-11D3-BF4B-00C04F79EFBC}") = "PowerShellTest", "PowerShell\PowerShellTest.csproj", "{F6EB49B1-C822-435F-9731-DD5FCED25B54}"
EndProject
Project("{FAE04EC0-301F-11D3-BF4B-00C04F79EFBC}") = "LinqLecture", "LinqLecture\LinqLecture.csproj", "{9713A04D-0E90-448A-874D-9DA252578B91}"
EndProject
Project("{FAE04EC0-301F-11D3-BF4B-00C04F79EFBC}") = "LambdaExpression2", "LambdaExpression2\LambdaExpression2.csproj", "{F4DBE48F-E85B-43F1-A39B-A5B80D01CC1C}"
EndProject
Project("{FAE04EC0-301F-11D3-BF4B-00C04F79EFBC}") = "AsyncProgrammingExample", "AsyncProgrammingExample\AsyncProgrammingExample.csproj", "{C9531A2E-8A67-4BC0-9C2B-F614CEC279C8}"
EndProject
Project("{FAE04EC0-301F-11D3-BF4B-00C04F79EFBC}") = "MoreGenerics", "MoreGenerics\MoreGenerics.csproj", "{CB0A2958-8E15-4594-B3B9-B8CFF7137CA9}"
EndProject
Project("{FAE04EC0-301F-11D3-BF4B-00C04F79EFBC}") = "ListCollections", "ListCollections\ListCollections.csproj", "{BD2EA789-C24F-4BC5-9D05-E7544CCD34BE}"
EndProject
Project("{FAE04EC0-301F-11D3-BF4B-00C04F79EFBC}") = "Dictionary", "Dictionary\Dictionary.csproj", "{1E21E7CF-61CF-43B6-97E8-553A1C81BF61}"
EndProject
Project("{FAE04EC0-301F-11D3-BF4B-00C04F79EFBC}") = "HashtableExample", "Hashtable\HashtableExample.csproj", "{F45C385F-648F-47BE-B7A0-C4AEEB38850D}"
EndProject
Project("{FAE04EC0-301F-11D3-BF4B-00C04F79EFBC}") = "KeyValuePair", "KeyValuePair\KeyValuePair.csproj", "{09326514-0774-45F3-A62D-674530C3DFE6}"
EndProject
Project("{FAE04EC0-301F-11D3-BF4B-00C04F79EFBC}") = "DictionaryExercise", "DictionaryExercise\DictionaryExercise.csproj", "{7E86E9F8-E729-41CD-B2F5-6713FFA1187D}"
EndProject
Project("{FAE04EC0-301F-11D3-BF4B-00C04F79EFBC}") = "Hashtable Exercise", "HashTableExercrise\Hashtable Exercise.csproj", "{F390CE35-E8C4-423B-9D13-3B08760AA67F}"
EndProject
Project("{FAE04EC0-301F-11D3-BF4B-00C04F79EFBC}") = "DelegatesAgain", "DelegatesAgain\DelegatesAgain.csproj", "{A2CBA34B-7A42-4D97-B68C-E746A4C639C2}"
EndProject
Project("{FAE04EC0-301F-11D3-BF4B-00C04F79EFBC}") = "AnonymousFunctions", "AnonymousFunctions\AnonymousFunctions.csproj", "{EC6946E1-346C-448E-92BF-36324CC151EE}"
EndProject
Project("{FAE04EC0-301F-11D3-BF4B-00C04F79EFBC}") = "AnotherAnonymous", "AnotherAnonymous\AnotherAnonymous.csproj", "{47BCBB67-E978-4766-8BD2-CE7DE86C87E1}"
EndProject
Global
	GlobalSection(SolutionConfigurationPlatforms) = preSolution
		Debug|Any CPU = Debug|Any CPU
		Release|Any CPU = Release|Any CPU
	EndGlobalSection
	GlobalSection(ProjectConfigurationPlatforms) = postSolution
		{A01A3365-B732-404F-B6F5-69188DC5AB5A}.Debug|Any CPU.ActiveCfg = Debug|Any CPU
		{A01A3365-B732-404F-B6F5-69188DC5AB5A}.Debug|Any CPU.Build.0 = Debug|Any CPU
		{A01A3365-B732-404F-B6F5-69188DC5AB5A}.Release|Any CPU.ActiveCfg = Release|Any CPU
		{A01A3365-B732-404F-B6F5-69188DC5AB5A}.Release|Any CPU.Build.0 = Release|Any CPU
		{BE3B7B7F-A866-411B-BBAB-A1E6DC4DD1D1}.Debug|Any CPU.ActiveCfg = Debug|Any CPU
		{BE3B7B7F-A866-411B-BBAB-A1E6DC4DD1D1}.Debug|Any CPU.Build.0 = Debug|Any CPU
		{BE3B7B7F-A866-411B-BBAB-A1E6DC4DD1D1}.Release|Any CPU.ActiveCfg = Release|Any CPU
		{BE3B7B7F-A866-411B-BBAB-A1E6DC4DD1D1}.Release|Any CPU.Build.0 = Release|Any CPU
		{F93C03A1-C305-45A8-9EBC-73229A8853ED}.Debug|Any CPU.ActiveCfg = Debug|Any CPU
		{F93C03A1-C305-45A8-9EBC-73229A8853ED}.Debug|Any CPU.Build.0 = Debug|Any CPU
		{F93C03A1-C305-45A8-9EBC-73229A8853ED}.Release|Any CPU.ActiveCfg = Release|Any CPU
		{F93C03A1-C305-45A8-9EBC-73229A8853ED}.Release|Any CPU.Build.0 = Release|Any CPU
		{FC8CBA3B-243C-4757-88E9-1F24AD8074EB}.Debug|Any CPU.ActiveCfg = Debug|Any CPU
		{FC8CBA3B-243C-4757-88E9-1F24AD8074EB}.Debug|Any CPU.Build.0 = Debug|Any CPU
		{FC8CBA3B-243C-4757-88E9-1F24AD8074EB}.Release|Any CPU.ActiveCfg = Release|Any CPU
		{FC8CBA3B-243C-4757-88E9-1F24AD8074EB}.Release|Any CPU.Build.0 = Release|Any CPU
		{02C848C4-61C7-4B70-BEDE-DCBE04DBB749}.Debug|Any CPU.ActiveCfg = Debug|Any CPU
		{02C848C4-61C7-4B70-BEDE-DCBE04DBB749}.Debug|Any CPU.Build.0 = Debug|Any CPU
		{02C848C4-61C7-4B70-BEDE-DCBE04DBB749}.Release|Any CPU.ActiveCfg = Release|Any CPU
		{02C848C4-61C7-4B70-BEDE-DCBE04DBB749}.Release|Any CPU.Build.0 = Release|Any CPU
		{8323DD3C-6DB2-417B-A210-A6D2D215DCD8}.Debug|Any CPU.ActiveCfg = Debug|Any CPU
		{8323DD3C-6DB2-417B-A210-A6D2D215DCD8}.Debug|Any CPU.Build.0 = Debug|Any CPU
		{8323DD3C-6DB2-417B-A210-A6D2D215DCD8}.Release|Any CPU.ActiveCfg = Release|Any CPU
		{8323DD3C-6DB2-417B-A210-A6D2D215DCD8}.Release|Any CPU.Build.0 = Release|Any CPU
		{E84E228F-0887-4696-B8B8-5F2DAC855249}.Debug|Any CPU.ActiveCfg = Debug|Any CPU
		{E84E228F-0887-4696-B8B8-5F2DAC855249}.Debug|Any CPU.Build.0 = Debug|Any CPU
		{E84E228F-0887-4696-B8B8-5F2DAC855249}.Release|Any CPU.ActiveCfg = Release|Any CPU
		{E84E228F-0887-4696-B8B8-5F2DAC855249}.Release|Any CPU.Build.0 = Release|Any CPU
		{F313FD85-EB74-4FFC-9BD0-10E7F9CC2AD6}.Debug|Any CPU.ActiveCfg = Debug|Any CPU
		{F313FD85-EB74-4FFC-9BD0-10E7F9CC2AD6}.Debug|Any CPU.Build.0 = Debug|Any CPU
		{F313FD85-EB74-4FFC-9BD0-10E7F9CC2AD6}.Release|Any CPU.ActiveCfg = Release|Any CPU
		{F313FD85-EB74-4FFC-9BD0-10E7F9CC2AD6}.Release|Any CPU.Build.0 = Release|Any CPU
		{38001627-4396-4B73-8655-2EDBDBA6432F}.Debug|Any CPU.ActiveCfg = Debug|Any CPU
		{38001627-4396-4B73-8655-2EDBDBA6432F}.Debug|Any CPU.Build.0 = Debug|Any CPU
		{38001627-4396-4B73-8655-2EDBDBA6432F}.Release|Any CPU.ActiveCfg = Release|Any CPU
		{38001627-4396-4B73-8655-2EDBDBA6432F}.Release|Any CPU.Build.0 = Release|Any CPU
		{0786C182-6289-4709-B670-B41B3C0DAA8F}.Debug|Any CPU.ActiveCfg = Debug|Any CPU
		{0786C182-6289-4709-B670-B41B3C0DAA8F}.Debug|Any CPU.Build.0 = Debug|Any CPU
		{0786C182-6289-4709-B670-B41B3C0DAA8F}.Release|Any CPU.ActiveCfg = Release|Any CPU
		{0786C182-6289-4709-B670-B41B3C0DAA8F}.Release|Any CPU.Build.0 = Release|Any CPU
		{F6EB49B1-C822-435F-9731-DD5FCED25B54}.Debug|Any CPU.ActiveCfg = Debug|Any CPU
		{F6EB49B1-C822-435F-9731-DD5FCED25B54}.Debug|Any CPU.Build.0 = Debug|Any CPU
		{F6EB49B1-C822-435F-9731-DD5FCED25B54}.Release|Any CPU.ActiveCfg = Release|Any CPU
		{F6EB49B1-C822-435F-9731-DD5FCED25B54}.Release|Any CPU.Build.0 = Release|Any CPU
		{9713A04D-0E90-448A-874D-9DA252578B91}.Debug|Any CPU.ActiveCfg = Debug|Any CPU
		{9713A04D-0E90-448A-874D-9DA252578B91}.Debug|Any CPU.Build.0 = Debug|Any CPU
		{9713A04D-0E90-448A-874D-9DA252578B91}.Release|Any CPU.ActiveCfg = Release|Any CPU
		{9713A04D-0E90-448A-874D-9DA252578B91}.Release|Any CPU.Build.0 = Release|Any CPU
		{F4DBE48F-E85B-43F1-A39B-A5B80D01CC1C}.Debug|Any CPU.ActiveCfg = Debug|Any CPU
		{F4DBE48F-E85B-43F1-A39B-A5B80D01CC1C}.Debug|Any CPU.Build.0 = Debug|Any CPU
		{F4DBE48F-E85B-43F1-A39B-A5B80D01CC1C}.Release|Any CPU.ActiveCfg = Release|Any CPU
		{F4DBE48F-E85B-43F1-A39B-A5B80D01CC1C}.Release|Any CPU.Build.0 = Release|Any CPU
		{C9531A2E-8A67-4BC0-9C2B-F614CEC279C8}.Debug|Any CPU.ActiveCfg = Debug|Any CPU
		{C9531A2E-8A67-4BC0-9C2B-F614CEC279C8}.Debug|Any CPU.Build.0 = Debug|Any CPU
		{C9531A2E-8A67-4BC0-9C2B-F614CEC279C8}.Release|Any CPU.ActiveCfg = Release|Any CPU
		{C9531A2E-8A67-4BC0-9C2B-F614CEC279C8}.Release|Any CPU.Build.0 = Release|Any CPU
		{CB0A2958-8E15-4594-B3B9-B8CFF7137CA9}.Debug|Any CPU.ActiveCfg = Debug|Any CPU
		{CB0A2958-8E15-4594-B3B9-B8CFF7137CA9}.Debug|Any CPU.Build.0 = Debug|Any CPU
		{CB0A2958-8E15-4594-B3B9-B8CFF7137CA9}.Release|Any CPU.ActiveCfg = Release|Any CPU
		{CB0A2958-8E15-4594-B3B9-B8CFF7137CA9}.Release|Any CPU.Build.0 = Release|Any CPU
		{BD2EA789-C24F-4BC5-9D05-E7544CCD34BE}.Debug|Any CPU.ActiveCfg = Debug|Any CPU
		{BD2EA789-C24F-4BC5-9D05-E7544CCD34BE}.Debug|Any CPU.Build.0 = Debug|Any CPU
		{BD2EA789-C24F-4BC5-9D05-E7544CCD34BE}.Release|Any CPU.ActiveCfg = Release|Any CPU
		{BD2EA789-C24F-4BC5-9D05-E7544CCD34BE}.Release|Any CPU.Build.0 = Release|Any CPU
		{1E21E7CF-61CF-43B6-97E8-553A1C81BF61}.Debug|Any CPU.ActiveCfg = Debug|Any CPU
		{1E21E7CF-61CF-43B6-97E8-553A1C81BF61}.Debug|Any CPU.Build.0 = Debug|Any CPU
		{1E21E7CF-61CF-43B6-97E8-553A1C81BF61}.Release|Any CPU.ActiveCfg = Release|Any CPU
		{1E21E7CF-61CF-43B6-97E8-553A1C81BF61}.Release|Any CPU.Build.0 = Release|Any CPU
		{F45C385F-648F-47BE-B7A0-C4AEEB38850D}.Debug|Any CPU.ActiveCfg = Debug|Any CPU
		{F45C385F-648F-47BE-B7A0-C4AEEB38850D}.Debug|Any CPU.Build.0 = Debug|Any CPU
		{F45C385F-648F-47BE-B7A0-C4AEEB38850D}.Release|Any CPU.ActiveCfg = Release|Any CPU
		{F45C385F-648F-47BE-B7A0-C4AEEB38850D}.Release|Any CPU.Build.0 = Release|Any CPU
		{09326514-0774-45F3-A62D-674530C3DFE6}.Debug|Any CPU.ActiveCfg = Debug|Any CPU
		{09326514-0774-45F3-A62D-674530C3DFE6}.Debug|Any CPU.Build.0 = Debug|Any CPU
		{09326514-0774-45F3-A62D-674530C3DFE6}.Release|Any CPU.ActiveCfg = Release|Any CPU
		{09326514-0774-45F3-A62D-674530C3DFE6}.Release|Any CPU.Build.0 = Release|Any CPU
		{7E86E9F8-E729-41CD-B2F5-6713FFA1187D}.Debug|Any CPU.ActiveCfg = Debug|Any CPU
		{7E86E9F8-E729-41CD-B2F5-6713FFA1187D}.Debug|Any CPU.Build.0 = Debug|Any CPU
		{7E86E9F8-E729-41CD-B2F5-6713FFA1187D}.Release|Any CPU.ActiveCfg = Release|Any CPU
		{7E86E9F8-E729-41CD-B2F5-6713FFA1187D}.Release|Any CPU.Build.0 = Release|Any CPU
		{F390CE35-E8C4-423B-9D13-3B08760AA67F}.Debug|Any CPU.ActiveCfg = Debug|Any CPU
		{F390CE35-E8C4-423B-9D13-3B08760AA67F}.Debug|Any CPU.Build.0 = Debug|Any CPU
		{F390CE35-E8C4-423B-9D13-3B08760AA67F}.Release|Any CPU.ActiveCfg = Release|Any CPU
		{F390CE35-E8C4-423B-9D13-3B08760AA67F}.Release|Any CPU.Build.0 = Release|Any CPU
		{A2CBA34B-7A42-4D97-B68C-E746A4C639C2}.Debug|Any CPU.ActiveCfg = Debug|Any CPU
		{A2CBA34B-7A42-4D97-B68C-E746A4C639C2}.Debug|Any CPU.Build.0 = Debug|Any CPU
		{A2CBA34B-7A42-4D97-B68C-E746A4C639C2}.Release|Any CPU.ActiveCfg = Release|Any CPU
		{A2CBA34B-7A42-4D97-B68C-E746A4C639C2}.Release|Any CPU.Build.0 = Release|Any CPU
		{EC6946E1-346C-448E-92BF-36324CC151EE}.Debug|Any CPU.ActiveCfg = Debug|Any CPU
		{EC6946E1-346C-448E-92BF-36324CC151EE}.Debug|Any CPU.Build.0 = Debug|Any CPU
		{EC6946E1-346C-448E-92BF-36324CC151EE}.Release|Any CPU.ActiveCfg = Release|Any CPU
		{EC6946E1-346C-448E-92BF-36324CC151EE}.Release|Any CPU.Build.0 = Release|Any CPU
		{47BCBB67-E978-4766-8BD2-CE7DE86C87E1}.Debug|Any CPU.ActiveCfg = Debug|Any CPU
		{47BCBB67-E978-4766-8BD2-CE7DE86C87E1}.Debug|Any CPU.Build.0 = Debug|Any CPU
		{47BCBB67-E978-4766-8BD2-CE7DE86C87E1}.Release|Any CPU.ActiveCfg = Release|Any CPU
		{47BCBB67-E978-4766-8BD2-CE7DE86C87E1}.Release|Any CPU.Build.0 = Release|Any CPU
	EndGlobalSection
	GlobalSection(SolutionProperties) = preSolution
		HideSolutionNode = FALSE
	EndGlobalSection
EndGlobal
